schema: '2.0'
stages:
  stage_one:
    cmd: python app.py
    deps:
    - path: app.py
      hash: md5
      md5: c2c30043545684a65bc012d913ba802f
      size: 1176
    - path: data/hugging_face.csv
      hash: md5
      md5: a6474d8e858dc2bd14818f24ddb40eaf
      size: 5959244
    outs:
    - path: spam_ham_model_1.pkl
      hash: md5
      md5: 26ce0af5befbae8628404282b9403337
      size: 719499
    - path: vectorizer_1.pkl
      hash: md5
      md5: 7d17c6a832e90c8fd4ef0f999bb698a3
      size: 736016
