schema: '2.0'
stages:
  train_model:
    cmd: python test.py
    deps:
    - path: data/hugging_face.csv
      hash: md5
      md5: a6474d8e858dc2bd14818f24ddb40eaf
      size: 5959244
    - path: test.py
      hash: md5
      md5: 859acb3d29ef3334d7033caaef1a0c47
      size: 2137
    outs:
    - path: spam_ham_model.pkl
      hash: md5
      md5: 26ce0af5befbae8628404282b9403337
      size: 719499
    - path: vectorizer.pkl
      hash: md5
      md5: 77f8b198b5711813808f07bd053a0dbb
      size: 736016
